
Microsoft Visual Studio Solution File, Format Version 12.00
# Visual Studio Version 17
VisualStudioVersion = 17.2.32616.157
MinimumVisualStudioVersion = 10.0.40219.1
Project("{FAE04EC0-301F-11D3-BF4B-00C04F79EFBC}") = "OperatorExercise", "OperatorExercise\OperatorExercise.csproj", "{0BF4FC0D-18F4-4B57-8DFC-1B3FFABC5D20}"
EndProject
Global
	GlobalSection(SolutionConfigurationPlatforms) = preSolution
		Debug|Any CPU = Debug|Any CPU
		Release|Any CPU = Release|Any CPU
	EndGlobalSection
	GlobalSection(ProjectConfigurationPlatforms) = postSolution
		{0BF4FC0D-18F4-4B57-8DFC-1B3FFABC5D20}.Debug|Any CPU.ActiveCfg = Debug|Any CPU
		{0BF4FC0D-18F4-4B57-8DFC-1B3FFABC5D20}.Debug|Any CPU.Build.0 = Debug|Any CPU
		{0BF4FC0D-18F4-4B57-8DFC-1B3FFABC5D20}.Release|Any CPU.ActiveCfg = Release|Any CPU
		{0BF4FC0D-18F4-4B57-8DFC-1B3FFABC5D20}.Release|Any CPU.Build.0 = Release|Any CPU
	EndGlobalSection
	GlobalSection(SolutionProperties) = preSolution
		HideSolutionNode = FALSE
	EndGlobalSection
	GlobalSection(ExtensibilityGlobals) = postSolution
		SolutionGuid = {19F523FC-51ED-452F-8E0A-544E32405CFF}
	EndGlobalSection
EndGlobal
